
Microsoft Visual Studio Solution File, Format Version 12.00
# Visual Studio Version 17
VisualStudioVersion = 17.3.32922.545
MinimumVisualStudioVersion = 10.0.40219.1
Project("{8BC9CEB8-8B4A-11D0-8D11-00A0C91BC942}") = "Bai_1", "Bai_1\Bai_1.vcxproj", "{CB8A9AFA-A51E-40BD-A819-30713EBCF8BD}"
EndProject
Project("{8BC9CEB8-8B4A-11D0-8D11-00A0C91BC942}") = "Bai_2", "Bai_2\Bai_2.vcxproj", "{917862F5-4AE3-4E76-9940-98848481324B}"
EndProject
Project("{8BC9CEB8-8B4A-11D0-8D11-00A0C91BC942}") = "Bai_3", "Bai_3\Bai_3.vcxproj", "{CB0737A2-6221-4129-B951-3CDDAA9095D8}"
EndProject
Project("{8BC9CEB8-8B4A-11D0-8D11-00A0C91BC942}") = "Bai_4", "Bai_4\Bai_4.vcxproj", "{F4D76B2F-1168-4E7A-88C5-89FBC18755BE}"
EndProject
Project("{8BC9CEB8-8B4A-11D0-8D11-00A0C91BC942}") = "Bai_5", "Bai_5\Bai_5.vcxproj", "{3EE7F15F-3627-4981-AF60-2DA9FD2A4D2B}"
EndProject
Project("{8BC9CEB8-8B4A-11D0-8D11-00A0C91BC942}") = "Bai_6", "Bai_6\Bai_6.vcxproj", "{EC863006-E6BF-4672-B02A-BDB271FB9211}"
EndProject
Project("{8BC9CEB8-8B4A-11D0-8D11-00A0C91BC942}") = "Bai_7", "Bai_7\Bai_7.vcxproj", "{42A47C3D-D98A-40FB-A06D-9CFA14817AFB}"
EndProject
Project("{8BC9CEB8-8B4A-11D0-8D11-00A0C91BC942}") = "Bai_8", "Bai_8\Bai_8.vcxproj", "{750C8650-CF90-4289-BEB2-6D8CC370DDF7}"
EndProject
Project("{8BC9CEB8-8B4A-11D0-8D11-00A0C91BC942}") = "Bai_9", "Bai_9\Bai_9.vcxproj", "{CBE70BC3-3915-4B73-B396-BFA2AE2B217B}"
EndProject
Project("{8BC9CEB8-8B4A-11D0-8D11-00A0C91BC942}") = "Bai10_SlideC4", "Bai10_SlideC4\Bai10_SlideC4.vcxproj", "{FFFD3B1E-FB16-42A1-B274-2F7B3E15FBE9}"
EndProject
Project("{8BC9CEB8-8B4A-11D0-8D11-00A0C91BC942}") = "C4_BT1", "C4_BT1\C4_BT1.vcxproj", "{6767E078-557C-4684-B108-1E8440772A29}"
EndProject
Project("{8BC9CEB8-8B4A-11D0-8D11-00A0C91BC942}") = "C4_BT3", "C4_BT2\C4_BT2.vcxproj", "{DD58927B-236C-419B-AB02-D382D08D6F8F}"
EndProject
Project("{8BC9CEB8-8B4A-11D0-8D11-00A0C91BC942}") = "C4_BT4", "C4_BT4\C4_BT4.vcxproj", "{FAFD38F1-534E-4B1A-8569-BFDD1583DB81}"
EndProject
Project("{8BC9CEB8-8B4A-11D0-8D11-00A0C91BC942}") = "C4_BT6_them", "C4_BT6_them\C4_BT6_them.vcxproj", "{6A90E5EB-1920-42F3-993D-29C595C7CBA7}"
EndProject
Project("{8BC9CEB8-8B4A-11D0-8D11-00A0C91BC942}") = "C5_BT1", "C5_BT1\C5_BT1.vcxproj", "{5C7EA388-BB16-4D98-8CDC-B7E0520C0365}"
EndProject
Project("{8BC9CEB8-8B4A-11D0-8D11-00A0C91BC942}") = "C5_BT2", "C5_BT2\C5_BT2.vcxproj", "{7FA0F00A-32A0-4984-970D-357657C5F1DB}"
EndProject
Project("{8BC9CEB8-8B4A-11D0-8D11-00A0C91BC942}") = "C5_BT3_DaThucOverLoad", "C5_BT3_DaThucOverLoad\C5_BT3_DaThucOverLoad.vcxproj", "{ACAE93EA-FF87-4334-BBE1-4252E4A71206}"
EndProject
Project("{8BC9CEB8-8B4A-11D0-8D11-00A0C91BC942}") = "BT_NOP", "BT_NOP\BT_NOP.vcxproj", "{6380D95A-DD6F-4D07-978C-06285D347435}"
EndProject
Project("{8BC9CEB8-8B4A-11D0-8D11-00A0C91BC942}") = "BT_NOP2", "BT_NOP2\BT_NOP2.vcxproj", "{EB424601-59F2-49DE-9C1D-F82C21744DF7}"
EndProject
Project("{8BC9CEB8-8B4A-11D0-8D11-00A0C91BC942}") = "CK_NhomMau", "CK_NhomMau\CK_NhomMau.vcxproj", "{EF6EADA6-56F9-4A0A-8238-E4BD9E612846}"
EndProject
Project("{8BC9CEB8-8B4A-11D0-8D11-00A0C91BC942}") = "CK_VoLamTruyenKi", "CK_VoLamTruyenKi\CK_VoLamTruyenKi.vcxproj", "{38FA21EF-3999-4D5C-934B-29D8569F6902}"
EndProject
Project("{8BC9CEB8-8B4A-11D0-8D11-00A0C91BC942}") = "CK_NotNhac", "CK_NotNhac\CK_NotNhac.vcxproj", "{5EF3F8CE-13BA-4241-AA4A-B34DD059B63F}"
EndProject
Project("{8BC9CEB8-8B4A-11D0-8D11-00A0C91BC942}") = "CK_DaiLySim", "CK_DaiLySim\CK_DaiLySim.vcxproj", "{DB05266C-7434-4746-BFDF-B8987969D010}"
EndProject
Project("{8BC9CEB8-8B4A-11D0-8D11-00A0C91BC942}") = "CK_DeThiThuBHT", "CK_DeThiThuBHT\CK_DeThiThuBHT.vcxproj", "{A55295D8-2CC1-449B-8B4D-4B05680E9B84}"
EndProject
Project("{8BC9CEB8-8B4A-11D0-8D11-00A0C91BC942}") = "CK_FreeFire", "CK_FreeFire\CK_FreeFire.vcxproj", "{24EC0D7D-2134-4108-8557-03491D92144C}"
EndProject
Project("{8BC9CEB8-8B4A-11D0-8D11-00A0C91BC942}") = "CK_DeathNote", "CK_DeathNote\CK_DeathNote.vcxproj", "{9B3BE5D7-F24C-4366-AB47-A5CD50D98C8D}"
EndProject
Project("{8BC9CEB8-8B4A-11D0-8D11-00A0C91BC942}") = "Overlord", "Overload\Overload.vcxproj", "{A738917F-8B8E-47DA-9735-CFD017386094}"
EndProject
Project("{8BC9CEB8-8B4A-11D0-8D11-00A0C91BC942}") = "Ck_HoaDonnn", "Ck_HoaDonnn\Ck_HoaDonnn.vcxproj", "{A8DC458D-7C24-487A-BB8B-6E77E8299A85}"
EndProject
Global
	GlobalSection(SolutionConfigurationPlatforms) = preSolution
		Debug|x64 = Debug|x64
		Debug|x86 = Debug|x86
		Release|x64 = Release|x64
		Release|x86 = Release|x86
	EndGlobalSection
	GlobalSection(ProjectConfigurationPlatforms) = postSolution
		{CB8A9AFA-A51E-40BD-A819-30713EBCF8BD}.Debug|x64.ActiveCfg = Debug|x64
		{CB8A9AFA-A51E-40BD-A819-30713EBCF8BD}.Debug|x64.Build.0 = Debug|x64
		{CB8A9AFA-A51E-40BD-A819-30713EBCF8BD}.Debug|x86.ActiveCfg = Debug|Win32
		{CB8A9AFA-A51E-40BD-A819-30713EBCF8BD}.Debug|x86.Build.0 = Debug|Win32
		{CB8A9AFA-A51E-40BD-A819-30713EBCF8BD}.Release|x64.ActiveCfg = Release|x64
		{CB8A9AFA-A51E-40BD-A819-30713EBCF8BD}.Release|x64.Build.0 = Release|x64
		{CB8A9AFA-A51E-40BD-A819-30713EBCF8BD}.Release|x86.ActiveCfg = Release|Win32
		{CB8A9AFA-A51E-40BD-A819-30713EBCF8BD}.Release|x86.Build.0 = Release|Win32
		{917862F5-4AE3-4E76-9940-98848481324B}.Debug|x64.ActiveCfg = Debug|x64
		{917862F5-4AE3-4E76-9940-98848481324B}.Debug|x64.Build.0 = Debug|x64
		{917862F5-4AE3-4E76-9940-98848481324B}.Debug|x86.ActiveCfg = Debug|Win32
		{917862F5-4AE3-4E76-9940-98848481324B}.Debug|x86.Build.0 = Debug|Win32
		{917862F5-4AE3-4E76-9940-98848481324B}.Release|x64.ActiveCfg = Release|x64
		{917862F5-4AE3-4E76-9940-98848481324B}.Release|x64.Build.0 = Release|x64
		{917862F5-4AE3-4E76-9940-98848481324B}.Release|x86.ActiveCfg = Release|Win32
		{917862F5-4AE3-4E76-9940-98848481324B}.Release|x86.Build.0 = Release|Win32
		{CB0737A2-6221-4129-B951-3CDDAA9095D8}.Debug|x64.ActiveCfg = Debug|x64
		{CB0737A2-6221-4129-B951-3CDDAA9095D8}.Debug|x64.Build.0 = Debug|x64
		{CB0737A2-6221-4129-B951-3CDDAA9095D8}.Debug|x86.ActiveCfg = Debug|Win32
		{CB0737A2-6221-4129-B951-3CDDAA9095D8}.Debug|x86.Build.0 = Debug|Win32
		{CB0737A2-6221-4129-B951-3CDDAA9095D8}.Release|x64.ActiveCfg = Release|x64
		{CB0737A2-6221-4129-B951-3CDDAA9095D8}.Release|x64.Build.0 = Release|x64
		{CB0737A2-6221-4129-B951-3CDDAA9095D8}.Release|x86.ActiveCfg = Release|Win32
		{CB0737A2-6221-4129-B951-3CDDAA9095D8}.Release|x86.Build.0 = Release|Win32
		{F4D76B2F-1168-4E7A-88C5-89FBC18755BE}.Debug|x64.ActiveCfg = Debug|x64
		{F4D76B2F-1168-4E7A-88C5-89FBC18755BE}.Debug|x64.Build.0 = Debug|x64
		{F4D76B2F-1168-4E7A-88C5-89FBC18755BE}.Debug|x86.ActiveCfg = Debug|Win32
		{F4D76B2F-1168-4E7A-88C5-89FBC18755BE}.Debug|x86.Build.0 = Debug|Win32
		{F4D76B2F-1168-4E7A-88C5-89FBC18755BE}.Release|x64.ActiveCfg = Release|x64
		{F4D76B2F-1168-4E7A-88C5-89FBC18755BE}.Release|x64.Build.0 = Release|x64
		{F4D76B2F-1168-4E7A-88C5-89FBC18755BE}.Release|x86.ActiveCfg = Release|Win32
		{F4D76B2F-1168-4E7A-88C5-89FBC18755BE}.Release|x86.Build.0 = Release|Win32
		{3EE7F15F-3627-4981-AF60-2DA9FD2A4D2B}.Debug|x64.ActiveCfg = Debug|x64
		{3EE7F15F-3627-4981-AF60-2DA9FD2A4D2B}.Debug|x64.Build.0 = Debug|x64
		{3EE7F15F-3627-4981-AF60-2DA9FD2A4D2B}.Debug|x86.ActiveCfg = Debug|Win32
		{3EE7F15F-3627-4981-AF60-2DA9FD2A4D2B}.Debug|x86.Build.0 = Debug|Win32
		{3EE7F15F-3627-4981-AF60-2DA9FD2A4D2B}.Release|x64.ActiveCfg = Release|x64
		{3EE7F15F-3627-4981-AF60-2DA9FD2A4D2B}.Release|x64.Build.0 = Release|x64
		{3EE7F15F-3627-4981-AF60-2DA9FD2A4D2B}.Release|x86.ActiveCfg = Release|Win32
		{3EE7F15F-3627-4981-AF60-2DA9FD2A4D2B}.Release|x86.Build.0 = Release|Win32
		{EC863006-E6BF-4672-B02A-BDB271FB9211}.Debug|x64.ActiveCfg = Debug|x64
		{EC863006-E6BF-4672-B02A-BDB271FB9211}.Debug|x64.Build.0 = Debug|x64
		{EC863006-E6BF-4672-B02A-BDB271FB9211}.Debug|x86.ActiveCfg = Debug|Win32
		{EC863006-E6BF-4672-B02A-BDB271FB9211}.Debug|x86.Build.0 = Debug|Win32
		{EC863006-E6BF-4672-B02A-BDB271FB9211}.Release|x64.ActiveCfg = Release|x64
		{EC863006-E6BF-4672-B02A-BDB271FB9211}.Release|x64.Build.0 = Release|x64
		{EC863006-E6BF-4672-B02A-BDB271FB9211}.Release|x86.ActiveCfg = Release|Win32
		{EC863006-E6BF-4672-B02A-BDB271FB9211}.Release|x86.Build.0 = Release|Win32
		{42A47C3D-D98A-40FB-A06D-9CFA14817AFB}.Debug|x64.ActiveCfg = Debug|x64
		{42A47C3D-D98A-40FB-A06D-9CFA14817AFB}.Debug|x64.Build.0 = Debug|x64
		{42A47C3D-D98A-40FB-A06D-9CFA14817AFB}.Debug|x86.ActiveCfg = Debug|Win32
		{42A47C3D-D98A-40FB-A06D-9CFA14817AFB}.Debug|x86.Build.0 = Debug|Win32
		{42A47C3D-D98A-40FB-A06D-9CFA14817AFB}.Release|x64.ActiveCfg = Release|x64
		{42A47C3D-D98A-40FB-A06D-9CFA14817AFB}.Release|x64.Build.0 = Release|x64
		{42A47C3D-D98A-40FB-A06D-9CFA14817AFB}.Release|x86.ActiveCfg = Release|Win32
		{42A47C3D-D98A-40FB-A06D-9CFA14817AFB}.Release|x86.Build.0 = Release|Win32
		{750C8650-CF90-4289-BEB2-6D8CC370DDF7}.Debug|x64.ActiveCfg = Debug|x64
		{750C8650-CF90-4289-BEB2-6D8CC370DDF7}.Debug|x64.Build.0 = Debug|x64
		{750C8650-CF90-4289-BEB2-6D8CC370DDF7}.Debug|x86.ActiveCfg = Debug|Win32
		{750C8650-CF90-4289-BEB2-6D8CC370DDF7}.Debug|x86.Build.0 = Debug|Win32
		{750C8650-CF90-4289-BEB2-6D8CC370DDF7}.Release|x64.ActiveCfg = Release|x64
		{750C8650-CF90-4289-BEB2-6D8CC370DDF7}.Release|x64.Build.0 = Release|x64
		{750C8650-CF90-4289-BEB2-6D8CC370DDF7}.Release|x86.ActiveCfg = Release|Win32
		{750C8650-CF90-4289-BEB2-6D8CC370DDF7}.Release|x86.Build.0 = Release|Win32
		{CBE70BC3-3915-4B73-B396-BFA2AE2B217B}.Debug|x64.ActiveCfg = Debug|x64
		{CBE70BC3-3915-4B73-B396-BFA2AE2B217B}.Debug|x64.Build.0 = Debug|x64
		{CBE70BC3-3915-4B73-B396-BFA2AE2B217B}.Debug|x86.ActiveCfg = Debug|Win32
		{CBE70BC3-3915-4B73-B396-BFA2AE2B217B}.Debug|x86.Build.0 = Debug|Win32
		{CBE70BC3-3915-4B73-B396-BFA2AE2B217B}.Release|x64.ActiveCfg = Release|x64
		{CBE70BC3-3915-4B73-B396-BFA2AE2B217B}.Release|x64.Build.0 = Release|x64
		{CBE70BC3-3915-4B73-B396-BFA2AE2B217B}.Release|x86.ActiveCfg = Release|Win32
		{CBE70BC3-3915-4B73-B396-BFA2AE2B217B}.Release|x86.Build.0 = Release|Win32
		{FFFD3B1E-FB16-42A1-B274-2F7B3E15FBE9}.Debug|x64.ActiveCfg = Debug|x64
		{FFFD3B1E-FB16-42A1-B274-2F7B3E15FBE9}.Debug|x64.Build.0 = Debug|x64
		{FFFD3B1E-FB16-42A1-B274-2F7B3E15FBE9}.Debug|x86.ActiveCfg = Debug|Win32
		{FFFD3B1E-FB16-42A1-B274-2F7B3E15FBE9}.Debug|x86.Build.0 = Debug|Win32
		{FFFD3B1E-FB16-42A1-B274-2F7B3E15FBE9}.Release|x64.ActiveCfg = Release|x64
		{FFFD3B1E-FB16-42A1-B274-2F7B3E15FBE9}.Release|x64.Build.0 = Release|x64
		{FFFD3B1E-FB16-42A1-B274-2F7B3E15FBE9}.Release|x86.ActiveCfg = Release|Win32
		{FFFD3B1E-FB16-42A1-B274-2F7B3E15FBE9}.Release|x86.Build.0 = Release|Win32
		{6767E078-557C-4684-B108-1E8440772A29}.Debug|x64.ActiveCfg = Debug|x64
		{6767E078-557C-4684-B108-1E8440772A29}.Debug|x64.Build.0 = Debug|x64
		{6767E078-557C-4684-B108-1E8440772A29}.Debug|x86.ActiveCfg = Debug|Win32
		{6767E078-557C-4684-B108-1E8440772A29}.Debug|x86.Build.0 = Debug|Win32
		{6767E078-557C-4684-B108-1E8440772A29}.Release|x64.ActiveCfg = Release|x64
		{6767E078-557C-4684-B108-1E8440772A29}.Release|x64.Build.0 = Release|x64
		{6767E078-557C-4684-B108-1E8440772A29}.Release|x86.ActiveCfg = Release|Win32
		{6767E078-557C-4684-B108-1E8440772A29}.Release|x86.Build.0 = Release|Win32
		{DD58927B-236C-419B-AB02-D382D08D6F8F}.Debug|x64.ActiveCfg = Debug|x64
		{DD58927B-236C-419B-AB02-D382D08D6F8F}.Debug|x64.Build.0 = Debug|x64
		{DD58927B-236C-419B-AB02-D382D08D6F8F}.Debug|x86.ActiveCfg = Debug|Win32
		{DD58927B-236C-419B-AB02-D382D08D6F8F}.Debug|x86.Build.0 = Debug|Win32
		{DD58927B-236C-419B-AB02-D382D08D6F8F}.Release|x64.ActiveCfg = Release|x64
		{DD58927B-236C-419B-AB02-D382D08D6F8F}.Release|x64.Build.0 = Release|x64
		{DD58927B-236C-419B-AB02-D382D08D6F8F}.Release|x86.ActiveCfg = Release|Win32
		{DD58927B-236C-419B-AB02-D382D08D6F8F}.Release|x86.Build.0 = Release|Win32
		{FAFD38F1-534E-4B1A-8569-BFDD1583DB81}.Debug|x64.ActiveCfg = Debug|x64
		{FAFD38F1-534E-4B1A-8569-BFDD1583DB81}.Debug|x64.Build.0 = Debug|x64
		{FAFD38F1-534E-4B1A-8569-BFDD1583DB81}.Debug|x86.ActiveCfg = Debug|Win32
		{FAFD38F1-534E-4B1A-8569-BFDD1583DB81}.Debug|x86.Build.0 = Debug|Win32
		{FAFD38F1-534E-4B1A-8569-BFDD1583DB81}.Release|x64.ActiveCfg = Release|x64
		{FAFD38F1-534E-4B1A-8569-BFDD1583DB81}.Release|x64.Build.0 = Release|x64
		{FAFD38F1-534E-4B1A-8569-BFDD1583DB81}.Release|x86.ActiveCfg = Release|Win32
		{FAFD38F1-534E-4B1A-8569-BFDD1583DB81}.Release|x86.Build.0 = Release|Win32
		{6A90E5EB-1920-42F3-993D-29C595C7CBA7}.Debug|x64.ActiveCfg = Debug|x64
		{6A90E5EB-1920-42F3-993D-29C595C7CBA7}.Debug|x64.Build.0 = Debug|x64
		{6A90E5EB-1920-42F3-993D-29C595C7CBA7}.Debug|x86.ActiveCfg = Debug|Win32
		{6A90E5EB-1920-42F3-993D-29C595C7CBA7}.Debug|x86.Build.0 = Debug|Win32
		{6A90E5EB-1920-42F3-993D-29C595C7CBA7}.Release|x64.ActiveCfg = Release|x64
		{6A90E5EB-1920-42F3-993D-29C595C7CBA7}.Release|x64.Build.0 = Release|x64
		{6A90E5EB-1920-42F3-993D-29C595C7CBA7}.Release|x86.ActiveCfg = Release|Win32
		{6A90E5EB-1920-42F3-993D-29C595C7CBA7}.Release|x86.Build.0 = Release|Win32
		{5C7EA388-BB16-4D98-8CDC-B7E0520C0365}.Debug|x64.ActiveCfg = Debug|x64
		{5C7EA388-BB16-4D98-8CDC-B7E0520C0365}.Debug|x64.Build.0 = Debug|x64
		{5C7EA388-BB16-4D98-8CDC-B7E0520C0365}.Debug|x86.ActiveCfg = Debug|Win32
		{5C7EA388-BB16-4D98-8CDC-B7E0520C0365}.Debug|x86.Build.0 = Debug|Win32
		{5C7EA388-BB16-4D98-8CDC-B7E0520C0365}.Release|x64.ActiveCfg = Release|x64
		{5C7EA388-BB16-4D98-8CDC-B7E0520C0365}.Release|x64.Build.0 = Release|x64
		{5C7EA388-BB16-4D98-8CDC-B7E0520C0365}.Release|x86.ActiveCfg = Release|Win32
		{5C7EA388-BB16-4D98-8CDC-B7E0520C0365}.Release|x86.Build.0 = Release|Win32
		{7FA0F00A-32A0-4984-970D-357657C5F1DB}.Debug|x64.ActiveCfg = Debug|x64
		{7FA0F00A-32A0-4984-970D-357657C5F1DB}.Debug|x64.Build.0 = Debug|x64
		{7FA0F00A-32A0-4984-970D-357657C5F1DB}.Debug|x86.ActiveCfg = Debug|Win32
		{7FA0F00A-32A0-4984-970D-357657C5F1DB}.Debug|x86.Build.0 = Debug|Win32
		{7FA0F00A-32A0-4984-970D-357657C5F1DB}.Release|x64.ActiveCfg = Release|x64
		{7FA0F00A-32A0-4984-970D-357657C5F1DB}.Release|x64.Build.0 = Release|x64
		{7FA0F00A-32A0-4984-970D-357657C5F1DB}.Release|x86.ActiveCfg = Release|Win32
		{7FA0F00A-32A0-4984-970D-357657C5F1DB}.Release|x86.Build.0 = Release|Win32
		{ACAE93EA-FF87-4334-BBE1-4252E4A71206}.Debug|x64.ActiveCfg = Debug|x64
		{ACAE93EA-FF87-4334-BBE1-4252E4A71206}.Debug|x64.Build.0 = Debug|x64
		{ACAE93EA-FF87-4334-BBE1-4252E4A71206}.Debug|x86.ActiveCfg = Debug|Win32
		{ACAE93EA-FF87-4334-BBE1-4252E4A71206}.Debug|x86.Build.0 = Debug|Win32
		{ACAE93EA-FF87-4334-BBE1-4252E4A71206}.Release|x64.ActiveCfg = Release|x64
		{ACAE93EA-FF87-4334-BBE1-4252E4A71206}.Release|x64.Build.0 = Release|x64
		{ACAE93EA-FF87-4334-BBE1-4252E4A71206}.Release|x86.ActiveCfg = Release|Win32
		{ACAE93EA-FF87-4334-BBE1-4252E4A71206}.Release|x86.Build.0 = Release|Win32
		{6380D95A-DD6F-4D07-978C-06285D347435}.Debug|x64.ActiveCfg = Debug|x64
		{6380D95A-DD6F-4D07-978C-06285D347435}.Debug|x64.Build.0 = Debug|x64
		{6380D95A-DD6F-4D07-978C-06285D347435}.Debug|x86.ActiveCfg = Debug|Win32
		{6380D95A-DD6F-4D07-978C-06285D347435}.Debug|x86.Build.0 = Debug|Win32
		{6380D95A-DD6F-4D07-978C-06285D347435}.Release|x64.ActiveCfg = Release|x64
		{6380D95A-DD6F-4D07-978C-06285D347435}.Release|x64.Build.0 = Release|x64
		{6380D95A-DD6F-4D07-978C-06285D347435}.Release|x86.ActiveCfg = Release|Win32
		{6380D95A-DD6F-4D07-978C-06285D347435}.Release|x86.Build.0 = Release|Win32
		{EB424601-59F2-49DE-9C1D-F82C21744DF7}.Debug|x64.ActiveCfg = Debug|x64
		{EB424601-59F2-49DE-9C1D-F82C21744DF7}.Debug|x64.Build.0 = Debug|x64
		{EB424601-59F2-49DE-9C1D-F82C21744DF7}.Debug|x86.ActiveCfg = Debug|Win32
		{EB424601-59F2-49DE-9C1D-F82C21744DF7}.Debug|x86.Build.0 = Debug|Win32
		{EB424601-59F2-49DE-9C1D-F82C21744DF7}.Release|x64.ActiveCfg = Release|x64
		{EB424601-59F2-49DE-9C1D-F82C21744DF7}.Release|x64.Build.0 = Release|x64
		{EB424601-59F2-49DE-9C1D-F82C21744DF7}.Release|x86.ActiveCfg = Release|Win32
		{EB424601-59F2-49DE-9C1D-F82C21744DF7}.Release|x86.Build.0 = Release|Win32
		{EF6EADA6-56F9-4A0A-8238-E4BD9E612846}.Debug|x64.ActiveCfg = Debug|x64
		{EF6EADA6-56F9-4A0A-8238-E4BD9E612846}.Debug|x64.Build.0 = Debug|x64
		{EF6EADA6-56F9-4A0A-8238-E4BD9E612846}.Debug|x86.ActiveCfg = Debug|Win32
		{EF6EADA6-56F9-4A0A-8238-E4BD9E612846}.Debug|x86.Build.0 = Debug|Win32
		{EF6EADA6-56F9-4A0A-8238-E4BD9E612846}.Release|x64.ActiveCfg = Release|x64
		{EF6EADA6-56F9-4A0A-8238-E4BD9E612846}.Release|x64.Build.0 = Release|x64
		{EF6EADA6-56F9-4A0A-8238-E4BD9E612846}.Release|x86.ActiveCfg = Release|Win32
		{EF6EADA6-56F9-4A0A-8238-E4BD9E612846}.Release|x86.Build.0 = Release|Win32
		{38FA21EF-3999-4D5C-934B-29D8569F6902}.Debug|x64.ActiveCfg = Debug|x64
		{38FA21EF-3999-4D5C-934B-29D8569F6902}.Debug|x64.Build.0 = Debug|x64
		{38FA21EF-3999-4D5C-934B-29D8569F6902}.Debug|x86.ActiveCfg = Debug|Win32
		{38FA21EF-3999-4D5C-934B-29D8569F6902}.Debug|x86.Build.0 = Debug|Win32
		{38FA21EF-3999-4D5C-934B-29D8569F6902}.Release|x64.ActiveCfg = Release|x64
		{38FA21EF-3999-4D5C-934B-29D8569F6902}.Release|x64.Build.0 = Release|x64
		{38FA21EF-3999-4D5C-934B-29D8569F6902}.Release|x86.ActiveCfg = Release|Win32
		{38FA21EF-3999-4D5C-934B-29D8569F6902}.Release|x86.Build.0 = Release|Win32
		{5EF3F8CE-13BA-4241-AA4A-B34DD059B63F}.Debug|x64.ActiveCfg = Debug|x64
		{5EF3F8CE-13BA-4241-AA4A-B34DD059B63F}.Debug|x64.Build.0 = Debug|x64
		{5EF3F8CE-13BA-4241-AA4A-B34DD059B63F}.Debug|x86.ActiveCfg = Debug|Win32
		{5EF3F8CE-13BA-4241-AA4A-B34DD059B63F}.Debug|x86.Build.0 = Debug|Win32
		{5EF3F8CE-13BA-4241-AA4A-B34DD059B63F}.Release|x64.ActiveCfg = Release|x64
		{5EF3F8CE-13BA-4241-AA4A-B34DD059B63F}.Release|x64.Build.0 = Release|x64
		{5EF3F8CE-13BA-4241-AA4A-B34DD059B63F}.Release|x86.ActiveCfg = Release|Win32
		{5EF3F8CE-13BA-4241-AA4A-B34DD059B63F}.Release|x86.Build.0 = Release|Win32
		{DB05266C-7434-4746-BFDF-B8987969D010}.Debug|x64.ActiveCfg = Debug|x64
		{DB05266C-7434-4746-BFDF-B8987969D010}.Debug|x64.Build.0 = Debug|x64
		{DB05266C-7434-4746-BFDF-B8987969D010}.Debug|x86.ActiveCfg = Debug|Win32
		{DB05266C-7434-4746-BFDF-B8987969D010}.Debug|x86.Build.0 = Debug|Win32
		{DB05266C-7434-4746-BFDF-B8987969D010}.Release|x64.ActiveCfg = Release|x64
		{DB05266C-7434-4746-BFDF-B8987969D010}.Release|x64.Build.0 = Release|x64
		{DB05266C-7434-4746-BFDF-B8987969D010}.Release|x86.ActiveCfg = Release|Win32
		{DB05266C-7434-4746-BFDF-B8987969D010}.Release|x86.Build.0 = Release|Win32
		{A55295D8-2CC1-449B-8B4D-4B05680E9B84}.Debug|x64.ActiveCfg = Debug|x64
		{A55295D8-2CC1-449B-8B4D-4B05680E9B84}.Debug|x64.Build.0 = Debug|x64
		{A55295D8-2CC1-449B-8B4D-4B05680E9B84}.Debug|x86.ActiveCfg = Debug|Win32
		{A55295D8-2CC1-449B-8B4D-4B05680E9B84}.Debug|x86.Build.0 = Debug|Win32
		{A55295D8-2CC1-449B-8B4D-4B05680E9B84}.Release|x64.ActiveCfg = Release|x64
		{A55295D8-2CC1-449B-8B4D-4B05680E9B84}.Release|x64.Build.0 = Release|x64
		{A55295D8-2CC1-449B-8B4D-4B05680E9B84}.Release|x86.ActiveCfg = Release|Win32
		{A55295D8-2CC1-449B-8B4D-4B05680E9B84}.Release|x86.Build.0 = Release|Win32
		{24EC0D7D-2134-4108-8557-03491D92144C}.Debug|x64.ActiveCfg = Debug|x64
		{24EC0D7D-2134-4108-8557-03491D92144C}.Debug|x64.Build.0 = Debug|x64
		{24EC0D7D-2134-4108-8557-03491D92144C}.Debug|x86.ActiveCfg = Debug|Win32
		{24EC0D7D-2134-4108-8557-03491D92144C}.Debug|x86.Build.0 = Debug|Win32
		{24EC0D7D-2134-4108-8557-03491D92144C}.Release|x64.ActiveCfg = Release|x64
		{24EC0D7D-2134-4108-8557-03491D92144C}.Release|x64.Build.0 = Release|x64
		{24EC0D7D-2134-4108-8557-03491D92144C}.Release|x86.ActiveCfg = Release|Win32
		{24EC0D7D-2134-4108-8557-03491D92144C}.Release|x86.Build.0 = Release|Win32
		{9B3BE5D7-F24C-4366-AB47-A5CD50D98C8D}.Debug|x64.ActiveCfg = Debug|x64
		{9B3BE5D7-F24C-4366-AB47-A5CD50D98C8D}.Debug|x64.Build.0 = Debug|x64
		{9B3BE5D7-F24C-4366-AB47-A5CD50D98C8D}.Debug|x86.ActiveCfg = Debug|Win32
		{9B3BE5D7-F24C-4366-AB47-A5CD50D98C8D}.Debug|x86.Build.0 = Debug|Win32
		{9B3BE5D7-F24C-4366-AB47-A5CD50D98C8D}.Release|x64.ActiveCfg = Release|x64
		{9B3BE5D7-F24C-4366-AB47-A5CD50D98C8D}.Release|x64.Build.0 = Release|x64
		{9B3BE5D7-F24C-4366-AB47-A5CD50D98C8D}.Release|x86.ActiveCfg = Release|Win32
		{9B3BE5D7-F24C-4366-AB47-A5CD50D98C8D}.Release|x86.Build.0 = Release|Win32
		{A738917F-8B8E-47DA-9735-CFD017386094}.Debug|x64.ActiveCfg = Debug|x64
		{A738917F-8B8E-47DA-9735-CFD017386094}.Debug|x64.Build.0 = Debug|x64
		{A738917F-8B8E-47DA-9735-CFD017386094}.Debug|x86.ActiveCfg = Debug|Win32
		{A738917F-8B8E-47DA-9735-CFD017386094}.Debug|x86.Build.0 = Debug|Win32
		{A738917F-8B8E-47DA-9735-CFD017386094}.Release|x64.ActiveCfg = Release|x64
		{A738917F-8B8E-47DA-9735-CFD017386094}.Release|x64.Build.0 = Release|x64
		{A738917F-8B8E-47DA-9735-CFD017386094}.Release|x86.ActiveCfg = Release|Win32
		{A738917F-8B8E-47DA-9735-CFD017386094}.Release|x86.Build.0 = Release|Win32
		{A8DC458D-7C24-487A-BB8B-6E77E8299A85}.Debug|x64.ActiveCfg = Debug|x64
		{A8DC458D-7C24-487A-BB8B-6E77E8299A85}.Debug|x64.Build.0 = Debug|x64
		{A8DC458D-7C24-487A-BB8B-6E77E8299A85}.Debug|x86.ActiveCfg = Debug|Win32
		{A8DC458D-7C24-487A-BB8B-6E77E8299A85}.Debug|x86.Build.0 = Debug|Win32
		{A8DC458D-7C24-487A-BB8B-6E77E8299A85}.Release|x64.ActiveCfg = Release|x64
		{A8DC458D-7C24-487A-BB8B-6E77E8299A85}.Release|x64.Build.0 = Release|x64
		{A8DC458D-7C24-487A-BB8B-6E77E8299A85}.Release|x86.ActiveCfg = Release|Win32
		{A8DC458D-7C24-487A-BB8B-6E77E8299A85}.Release|x86.Build.0 = Release|Win32
	EndGlobalSection
	GlobalSection(SolutionProperties) = preSolution
		HideSolutionNode = FALSE
	EndGlobalSection
	GlobalSection(ExtensibilityGlobals) = postSolution
		SolutionGuid = {DFA98583-8BD7-466A-A7C3-F7AF75DAD2F3}
	EndGlobalSection
EndGlobal
